// !$*UTF8*$!
{
	archiveVersion = 1;
	classes = {
	};
	objectVersion = 50;
	objects = {

/* Begin PBXBuildFile section */
		7E0D1349224161A40087ABC4 /* PreviewViewController.swift in Sources */ = {isa = PBXBuildFile; fileRef = 7E0D1348224161A40087ABC4 /* PreviewViewController.swift */; };
		7EA80143224009E5008BF1CF /* AppDelegate.swift in Sources */ = {isa = PBXBuildFile; fileRef = 7EA80142224009E5008BF1CF /* AppDelegate.swift */; };
		7EA80145224009E5008BF1CF /* ViewController.swift in Sources */ = {isa = PBXBuildFile; fileRef = 7EA80144224009E5008BF1CF /* ViewController.swift */; };
		7EA80148224009E5008BF1CF /* Main.storyboard in Resources */ = {isa = PBXBuildFile; fileRef = 7EA80146224009E5008BF1CF /* Main.storyboard */; };
		7EA8014A224009E7008BF1CF /* Assets.xcassets in Resources */ = {isa = PBXBuildFile; fileRef = 7EA80149224009E7008BF1CF /* Assets.xcassets */; };
		7EA8014D224009E7008BF1CF /* LaunchScreen.storyboard in Resources */ = {isa = PBXBuildFile; fileRef = 7EA8014B224009E7008BF1CF /* LaunchScreen.storyboard */; };
		7EA80158224009E7008BF1CF /* ImageCompressionPOCTests.swift in Sources */ = {isa = PBXBuildFile; fileRef = 7EA80157224009E7008BF1CF /* ImageCompressionPOCTests.swift */; };
		7EA80163224009E7008BF1CF /* ImageCompressionPOCUITests.swift in Sources */ = {isa = PBXBuildFile; fileRef = 7EA80162224009E7008BF1CF /* ImageCompressionPOCUITests.swift */; };
		7EA801712240B506008BF1CF /* ToDo.swift in Sources */ = {isa = PBXBuildFile; fileRef = 7EA801702240B506008BF1CF /* ToDo.swift */; };
		F712DF85130E58824046C9A8 /* Pods_ImageCompressionPOC.framework in Frameworks */ = {isa = PBXBuildFile; fileRef = 13319106E94908C9A1DD4DFB /* Pods_ImageCompressionPOC.framework */; };
/* End PBXBuildFile section */

/* Begin PBXContainerItemProxy section */
		7EA80154224009E7008BF1CF /* PBXContainerItemProxy */ = {
			isa = PBXContainerItemProxy;
			containerPortal = 7EA80137224009E5008BF1CF /* Project object */;
			proxyType = 1;
			remoteGlobalIDString = 7EA8013E224009E5008BF1CF;
			remoteInfo = ImageCompressionPOC;
		};
		7EA8015F224009E7008BF1CF /* PBXContainerItemProxy */ = {
			isa = PBXContainerItemProxy;
			containerPortal = 7EA80137224009E5008BF1CF /* Project object */;
			proxyType = 1;
			remoteGlobalIDString = 7EA8013E224009E5008BF1CF;
			remoteInfo = ImageCompressionPOC;
		};
/* End PBXContainerItemProxy section */

/* Begin PBXFileReference section */
		13319106E94908C9A1DD4DFB /* Pods_ImageCompressionPOC.framework */ = {isa = PBXFileReference; explicitFileType = wrapper.framework; includeInIndex = 0; path = Pods_ImageCompressionPOC.framework; sourceTree = BUILT_PRODUCTS_DIR; };
		7E0D1348224161A40087ABC4 /* PreviewViewController.swift */ = {isa = PBXFileReference; lastKnownFileType = sourcecode.swift; path = PreviewViewController.swift; sourceTree = "<group>"; };
		7EA8013F224009E5008BF1CF /* ImageCompressionPOC.app */ = {isa = PBXFileReference; explicitFileType = wrapper.application; includeInIndex = 0; path = ImageCompressionPOC.app; sourceTree = BUILT_PRODUCTS_DIR; };
		7EA80142224009E5008BF1CF /* AppDelegate.swift */ = {isa = PBXFileReference; lastKnownFileType = sourcecode.swift; path = AppDelegate.swift; sourceTree = "<group>"; };
		7EA80144224009E5008BF1CF /* ViewController.swift */ = {isa = PBXFileReference; lastKnownFileType = sourcecode.swift; path = ViewController.swift; sourceTree = "<group>"; };
		7EA80147224009E5008BF1CF /* Base */ = {isa = PBXFileReference; lastKnownFileType = file.storyboard; name = Base; path = Base.lproj/Main.storyboard; sourceTree = "<group>"; };
		7EA80149224009E7008BF1CF /* Assets.xcassets */ = {isa = PBXFileReference; lastKnownFileType = folder.assetcatalog; path = Assets.xcassets; sourceTree = "<group>"; };
		7EA8014C224009E7008BF1CF /* Base */ = {isa = PBXFileReference; lastKnownFileType = file.storyboard; name = Base; path = Base.lproj/LaunchScreen.storyboard; sourceTree = "<group>"; };
		7EA8014E224009E7008BF1CF /* Info.plist */ = {isa = PBXFileReference; lastKnownFileType = text.plist.xml; path = Info.plist; sourceTree = "<group>"; };
		7EA80153224009E7008BF1CF /* ImageCompressionPOCTests.xctest */ = {isa = PBXFileReference; explicitFileType = wrapper.cfbundle; includeInIndex = 0; path = ImageCompressionPOCTests.xctest; sourceTree = BUILT_PRODUCTS_DIR; };
		7EA80157224009E7008BF1CF /* ImageCompressionPOCTests.swift */ = {isa = PBXFileReference; lastKnownFileType = sourcecode.swift; path = ImageCompressionPOCTests.swift; sourceTree = "<group>"; };
		7EA80159224009E7008BF1CF /* Info.plist */ = {isa = PBXFileReference; lastKnownFileType = text.plist.xml; path = Info.plist; sourceTree = "<group>"; };
		7EA8015E224009E7008BF1CF /* ImageCompressionPOCUITests.xctest */ = {isa = PBXFileReference; explicitFileType = wrapper.cfbundle; includeInIndex = 0; path = ImageCompressionPOCUITests.xctest; sourceTree = BUILT_PRODUCTS_DIR; };
		7EA80162224009E7008BF1CF /* ImageCompressionPOCUITests.swift */ = {isa = PBXFileReference; lastKnownFileType = sourcecode.swift; path = ImageCompressionPOCUITests.swift; sourceTree = "<group>"; };
		7EA80164224009E7008BF1CF /* Info.plist */ = {isa = PBXFileReference; lastKnownFileType = text.plist.xml; path = Info.plist; sourceTree = "<group>"; };
		7EA801702240B506008BF1CF /* ToDo.swift */ = {isa = PBXFileReference; lastKnownFileType = sourcecode.swift; path = ToDo.swift; sourceTree = "<group>"; };
		EDD44FF24CC7EF1A8C78DAB3 /* Pods-ImageCompressionPOC.release.xcconfig */ = {isa = PBXFileReference; includeInIndex = 1; lastKnownFileType = text.xcconfig; name = "Pods-ImageCompressionPOC.release.xcconfig"; path = "Target Support Files/Pods-ImageCompressionPOC/Pods-ImageCompressionPOC.release.xcconfig"; sourceTree = "<group>"; };
		FE9C7C52E988F5531C6CE1EA /* Pods-ImageCompressionPOC.debug.xcconfig */ = {isa = PBXFileReference; includeInIndex = 1; lastKnownFileType = text.xcconfig; name = "Pods-ImageCompressionPOC.debug.xcconfig"; path = "Target Support Files/Pods-ImageCompressionPOC/Pods-ImageCompressionPOC.debug.xcconfig"; sourceTree = "<group>"; };
/* End PBXFileReference section */

/* Begin PBXFrameworksBuildPhase section */
		7EA8013C224009E5008BF1CF /* Frameworks */ = {
			isa = PBXFrameworksBuildPhase;
			buildActionMask = 2147483647;
			files = (
				F712DF85130E58824046C9A8 /* Pods_ImageCompressionPOC.framework in Frameworks */,
			);
			runOnlyForDeploymentPostprocessing = 0;
		};
		7EA80150224009E7008BF1CF /* Frameworks */ = {
			isa = PBXFrameworksBuildPhase;
			buildActionMask = 2147483647;
			files = (
			);
			runOnlyForDeploymentPostprocessing = 0;
		};
		7EA8015B224009E7008BF1CF /* Frameworks */ = {
			isa = PBXFrameworksBuildPhase;
			buildActionMask = 2147483647;
			files = (
			);
			runOnlyForDeploymentPostprocessing = 0;
		};
/* End PBXFrameworksBuildPhase section */

/* Begin PBXGroup section */
		7EA80136224009E5008BF1CF = {
			isa = PBXGroup;
			children = (
				7EA80141224009E5008BF1CF /* ImageCompressionPOC */,
				7EA80156224009E7008BF1CF /* ImageCompressionPOCTests */,
				7EA80161224009E7008BF1CF /* ImageCompressionPOCUITests */,
				7EA80140224009E5008BF1CF /* Products */,
				C96223D4E7DB46DE2F6E6D41 /* Pods */,
				FC0D9AB3B09FC6E17E5F207C /* Frameworks */,
			);
			sourceTree = "<group>";
		};
		7EA80140224009E5008BF1CF /* Products */ = {
			isa = PBXGroup;
			children = (
				7EA8013F224009E5008BF1CF /* ImageCompressionPOC.app */,
				7EA80153224009E7008BF1CF /* ImageCompressionPOCTests.xctest */,
				7EA8015E224009E7008BF1CF /* ImageCompressionPOCUITests.xctest */,
			);
			name = Products;
			sourceTree = "<group>";
		};
		7EA80141224009E5008BF1CF /* ImageCompressionPOC */ = {
			isa = PBXGroup;
			children = (
				7EA80142224009E5008BF1CF /* AppDelegate.swift */,
				7E0D1348224161A40087ABC4 /* PreviewViewController.swift */,
				7EA80144224009E5008BF1CF /* ViewController.swift */,
				7EA80146224009E5008BF1CF /* Main.storyboard */,
				7EA80149224009E7008BF1CF /* Assets.xcassets */,
				7EA8014B224009E7008BF1CF /* LaunchScreen.storyboard */,
				7EA8014E224009E7008BF1CF /* Info.plist */,
				7EA801702240B506008BF1CF /* ToDo.swift */,
			);
			path = ImageCompressionPOC;
			sourceTree = "<group>";
		};
		7EA80156224009E7008BF1CF /* ImageCompressionPOCTests */ = {
			isa = PBXGroup;
			children = (
				7EA80157224009E7008BF1CF /* ImageCompressionPOCTests.swift */,
				7EA80159224009E7008BF1CF /* Info.plist */,
			);
			path = ImageCompressionPOCTests;
			sourceTree = "<group>";
		};
		7EA80161224009E7008BF1CF /* ImageCompressionPOCUITests */ = {
			isa = PBXGroup;
			children = (
				7EA80162224009E7008BF1CF /* ImageCompressionPOCUITests.swift */,
				7EA80164224009E7008BF1CF /* Info.plist */,
			);
			path = ImageCompressionPOCUITests;
			sourceTree = "<group>";
		};
		C96223D4E7DB46DE2F6E6D41 /* Pods */ = {
			isa = PBXGroup;
			children = (
				FE9C7C52E988F5531C6CE1EA /* Pods-ImageCompressionPOC.debug.xcconfig */,
				EDD44FF24CC7EF1A8C78DAB3 /* Pods-ImageCompressionPOC.release.xcconfig */,
			);
			name = Pods;
			path = Pods;
			sourceTree = "<group>";
		};
		FC0D9AB3B09FC6E17E5F207C /* Frameworks */ = {
			isa = PBXGroup;
			children = (
				13319106E94908C9A1DD4DFB /* Pods_ImageCompressionPOC.framework */,
			);
			name = Frameworks;
			sourceTree = "<group>";
		};
/* End PBXGroup section */

/* Begin PBXNativeTarget section */
		7EA8013E224009E5008BF1CF /* ImageCompressionPOC */ = {
			isa = PBXNativeTarget;
			buildConfigurationList = 7EA80167224009E7008BF1CF /* Build configuration list for PBXNativeTarget "ImageCompressionPOC" */;
			buildPhases = (
				13FD809EDE78418D6D6167AE /* [CP] Check Pods Manifest.lock */,
				7EA8013B224009E5008BF1CF /* Sources */,
				7EA8013C224009E5008BF1CF /* Frameworks */,
				7EA8013D224009E5008BF1CF /* Resources */,
				9AB1A0C3CEA7CC714339B43F /* [CP] Embed Pods Frameworks */,
			);
			buildRules = (
			);
			dependencies = (
			);
			name = ImageCompressionPOC;
			productName = ImageCompressionPOC;
			productReference = 7EA8013F224009E5008BF1CF /* ImageCompressionPOC.app */;
			productType = "com.apple.product-type.application";
		};
		7EA80152224009E7008BF1CF /* ImageCompressionPOCTests */ = {
			isa = PBXNativeTarget;
			buildConfigurationList = 7EA8016A224009E7008BF1CF /* Build configuration list for PBXNativeTarget "ImageCompressionPOCTests" */;
			buildPhases = (
				7EA8014F224009E7008BF1CF /* Sources */,
				7EA80150224009E7008BF1CF /* Frameworks */,
				7EA80151224009E7008BF1CF /* Resources */,
			);
			buildRules = (
			);
			dependencies = (
				7EA80155224009E7008BF1CF /* PBXTargetDependency */,
			);
			name = ImageCompressionPOCTests;
			productName = ImageCompressionPOCTests;
			productReference = 7EA80153224009E7008BF1CF /* ImageCompressionPOCTests.xctest */;
			productType = "com.apple.product-type.bundle.unit-test";
		};
		7EA8015D224009E7008BF1CF /* ImageCompressionPOCUITests */ = {
			isa = PBXNativeTarget;
			buildConfigurationList = 7EA8016D224009E7008BF1CF /* Build configuration list for PBXNativeTarget "ImageCompressionPOCUITests" */;
			buildPhases = (
				7EA8015A224009E7008BF1CF /* Sources */,
				7EA8015B224009E7008BF1CF /* Frameworks */,
				7EA8015C224009E7008BF1CF /* Resources */,
			);
			buildRules = (
			);
			dependencies = (
				7EA80160224009E7008BF1CF /* PBXTargetDependency */,
			);
			name = ImageCompressionPOCUITests;
			productName = ImageCompressionPOCUITests;
			productReference = 7EA8015E224009E7008BF1CF /* ImageCompressionPOCUITests.xctest */;
			productType = "com.apple.product-type.bundle.ui-testing";
		};
/* End PBXNativeTarget section */

/* Begin PBXProject section */
		7EA80137224009E5008BF1CF /* Project object */ = {
			isa = PBXProject;
			attributes = {
				LastSwiftUpdateCheck = 1000;
				LastUpgradeCheck = 1000;
				ORGANIZATIONNAME = "Jacari Boboye";
				TargetAttributes = {
					7EA8013E224009E5008BF1CF = {
						CreatedOnToolsVersion = 10.0;
					};
					7EA80152224009E7008BF1CF = {
						CreatedOnToolsVersion = 10.0;
						TestTargetID = 7EA8013E224009E5008BF1CF;
					};
					7EA8015D224009E7008BF1CF = {
						CreatedOnToolsVersion = 10.0;
						TestTargetID = 7EA8013E224009E5008BF1CF;
					};
				};
			};
			buildConfigurationList = 7EA8013A224009E5008BF1CF /* Build configuration list for PBXProject "ImageCompressionPOC" */;
			compatibilityVersion = "Xcode 9.3";
			developmentRegion = en;
			hasScannedForEncodings = 0;
			knownRegions = (
				en,
				Base,
			);
			mainGroup = 7EA80136224009E5008BF1CF;
			productRefGroup = 7EA80140224009E5008BF1CF /* Products */;
			projectDirPath = "";
			projectRoot = "";
			targets = (
				7EA8013E224009E5008BF1CF /* ImageCompressionPOC */,
				7EA80152224009E7008BF1CF /* ImageCompressionPOCTests */,
				7EA8015D224009E7008BF1CF /* ImageCompressionPOCUITests */,
			);
		};
/* End PBXProject section */

/* Begin PBXResourcesBuildPhase section */
		7EA8013D224009E5008BF1CF /* Resources */ = {
			isa = PBXResourcesBuildPhase;
			buildActionMask = 2147483647;
			files = (
				7EA8014D224009E7008BF1CF /* LaunchScreen.storyboard in Resources */,
				7EA8014A224009E7008BF1CF /* Assets.xcassets in Resources */,
				7EA80148224009E5008BF1CF /* Main.storyboard in Resources */,
			);
			runOnlyForDeploymentPostprocessing = 0;
		};
		7EA80151224009E7008BF1CF /* Resources */ = {
			isa = PBXResourcesBuildPhase;
			buildActionMask = 2147483647;
			files = (
			);
			runOnlyForDeploymentPostprocessing = 0;
		};
		7EA8015C224009E7008BF1CF /* Resources */ = {
			isa = PBXResourcesBuildPhase;
			buildActionMask = 2147483647;
			files = (
			);
			runOnlyForDeploymentPostprocessing = 0;
		};
/* End PBXResourcesBuildPhase section */

/* Begin PBXShellScriptBuildPhase section */
		13FD809EDE78418D6D6167AE /* [CP] Check Pods Manifest.lock */ = {
			isa = PBXShellScriptBuildPhase;
			buildActionMask = 2147483647;
			files = (
			);
			inputFileListPaths = (
			);
			inputPaths = (
				"${PODS_PODFILE_DIR_PATH}/Podfile.lock",
				"${PODS_ROOT}/Manifest.lock",
			);
			name = "[CP] Check Pods Manifest.lock";
			outputFileListPaths = (
			);
			outputPaths = (
				"$(DERIVED_FILE_DIR)/Pods-ImageCompressionPOC-checkManifestLockResult.txt",
			);
			runOnlyForDeploymentPostprocessing = 0;
			shellPath = /bin/sh;
			shellScript = "diff \"${PODS_PODFILE_DIR_PATH}/Podfile.lock\" \"${PODS_ROOT}/Manifest.lock\" > /dev/null\nif [ $? != 0 ] ; then\n    # print error to STDERR\n    echo \"error: The sandbox is not in sync with the Podfile.lock. Run 'pod install' or update your CocoaPods installation.\" >&2\n    exit 1\nfi\n# This output is used by Xcode 'outputs' to avoid re-running this script phase.\necho \"SUCCESS\" > \"${SCRIPT_OUTPUT_FILE_0}\"\n";
			showEnvVarsInLog = 0;
		};
		9AB1A0C3CEA7CC714339B43F /* [CP] Embed Pods Frameworks */ = {
			isa = PBXShellScriptBuildPhase;
			buildActionMask = 2147483647;
			files = (
			);
			inputFileListPaths = (
			);
			inputPaths = (
				"${PODS_ROOT}/Target Support Files/Pods-ImageCompressionPOC/Pods-ImageCompressionPOC-frameworks.sh",
				"${BUILT_PRODUCTS_DIR}/PopBounceButton/PopBounceButton.framework",
				"${BUILT_PRODUCTS_DIR}/SimpleImageViewer/SimpleImageViewer.framework",
				"${BUILT_PRODUCTS_DIR}/pop/pop.framework",
			);
			name = "[CP] Embed Pods Frameworks";
			outputFileListPaths = (
			);
			outputPaths = (
				"${TARGET_BUILD_DIR}/${FRAMEWORKS_FOLDER_PATH}/PopBounceButton.framework",
				"${TARGET_BUILD_DIR}/${FRAMEWORKS_FOLDER_PATH}/SimpleImageViewer.framework",
				"${TARGET_BUILD_DIR}/${FRAMEWORKS_FOLDER_PATH}/pop.framework",
			);
			runOnlyForDeploymentPostprocessing = 0;
			shellPath = /bin/sh;
			shellScript = "\"${PODS_ROOT}/Target Support Files/Pods-ImageCompressionPOC/Pods-ImageCompressionPOC-frameworks.sh\"\n";
			showEnvVarsInLog = 0;
		};
/* End PBXShellScriptBuildPhase section */

/* Begin PBXSourcesBuildPhase section */
		7EA8013B224009E5008BF1CF /* Sources */ = {
			isa = PBXSourcesBuildPhase;
			buildActionMask = 2147483647;
			files = (
				7EA801712240B506008BF1CF /* ToDo.swift in Sources */,
				7E0D1349224161A40087ABC4 /* PreviewViewController.swift in Sources */,
				7EA80145224009E5008BF1CF /* ViewController.swift in Sources */,
				7EA80143224009E5008BF1CF /* AppDelegate.swift in Sources */,
			);
			runOnlyForDeploymentPostprocessing = 0;
		};
		7EA8014F224009E7008BF1CF /* Sources */ = {
			isa = PBXSourcesBuildPhase;
			buildActionMask = 2147483647;
			files = (
				7EA80158224009E7008BF1CF /* ImageCompressionPOCTests.swift in Sources */,
			);
			runOnlyForDeploymentPostprocessing = 0;
		};
		7EA8015A224009E7008BF1CF /* Sources */ = {
			isa = PBXSourcesBuildPhase;
			buildActionMask = 2147483647;
			files = (
				7EA80163224009E7008BF1CF /* ImageCompressionPOCUITests.swift in Sources */,
			);
			runOnlyForDeploymentPostprocessing = 0;
		};
/* End PBXSourcesBuildPhase section */

/* Begin PBXTargetDependency section */
		7EA80155224009E7008BF1CF /* PBXTargetDependency */ = {
			isa = PBXTargetDependency;
			target = 7EA8013E224009E5008BF1CF /* ImageCompressionPOC */;
			targetProxy = 7EA80154224009E7008BF1CF /* PBXContainerItemProxy */;
		};
		7EA80160224009E7008BF1CF /* PBXTargetDependency */ = {
			isa = PBXTargetDependency;
			target = 7EA8013E224009E5008BF1CF /* ImageCompressionPOC */;
			targetProxy = 7EA8015F224009E7008BF1CF /* PBXContainerItemProxy */;
		};
/* End PBXTargetDependency section */

/* Begin PBXVariantGroup section */
		7EA80146224009E5008BF1CF /* Main.storyboard */ = {
			isa = PBXVariantGroup;
			children = (
				7EA80147224009E5008BF1CF /* Base */,
			);
			name = Main.storyboard;
			sourceTree = "<group>";
		};
		7EA8014B224009E7008BF1CF /* LaunchScreen.storyboard */ = {
			isa = PBXVariantGroup;
			children = (
				7EA8014C224009E7008BF1CF /* Base */,
			);
			name = LaunchScreen.storyboard;
			sourceTree = "<group>";
		};
/* End PBXVariantGroup section */

/* Begin XCBuildConfiguration section */
		7EA80165224009E7008BF1CF /* Debug */ = {
			isa = XCBuildConfiguration;
			buildSettings = {
				ALWAYS_SEARCH_USER_PATHS = NO;
				CLANG_ANALYZER_NONNULL = YES;
				CLANG_ANALYZER_NUMBER_OBJECT_CONVERSION = YES_AGGRESSIVE;
				CLANG_CXX_LANGUAGE_STANDARD = "gnu++14";
				CLANG_CXX_LIBRARY = "libc++";
				CLANG_ENABLE_MODULES = YES;
				CLANG_ENABLE_OBJC_ARC = YES;
				CLANG_ENABLE_OBJC_WEAK = YES;
				CLANG_WARN_BLOCK_CAPTURE_AUTORELEASING = YES;
				CLANG_WARN_BOOL_CONVERSION = YES;
				CLANG_WARN_COMMA = YES;
				CLANG_WARN_CONSTANT_CONVERSION = YES;
				CLANG_WARN_DEPRECATED_OBJC_IMPLEMENTATIONS = YES;
				CLANG_WARN_DIRECT_OBJC_ISA_USAGE = YES_ERROR;
				CLANG_WARN_DOCUMENTATION_COMMENTS = YES;
				CLANG_WARN_EMPTY_BODY = YES;
				CLANG_WARN_ENUM_CONVERSION = YES;
				CLANG_WARN_INFINITE_RECURSION = YES;
				CLANG_WARN_INT_CONVERSION = YES;
				CLANG_WARN_NON_LITERAL_NULL_CONVERSION = YES;
				CLANG_WARN_OBJC_IMPLICIT_RETAIN_SELF = YES;
				CLANG_WARN_OBJC_LITERAL_CONVERSION = YES;
				CLANG_WARN_OBJC_ROOT_CLASS = YES_ERROR;
				CLANG_WARN_RANGE_LOOP_ANALYSIS = YES;
				CLANG_WARN_STRICT_PROTOTYPES = YES;
				CLANG_WARN_SUSPICIOUS_MOVE = YES;
				CLANG_WARN_UNGUARDED_AVAILABILITY = YES_AGGRESSIVE;
				CLANG_WARN_UNREACHABLE_CODE = YES;
				CLANG_WARN__DUPLICATE_METHOD_MATCH = YES;
				CODE_SIGN_IDENTITY = "iPhone Developer";
				COPY_PHASE_STRIP = NO;
				DEBUG_INFORMATION_FORMAT = dwarf;
				ENABLE_STRICT_OBJC_MSGSEND = YES;
				ENABLE_TESTABILITY = YES;
				GCC_C_LANGUAGE_STANDARD = gnu11;
				GCC_DYNAMIC_NO_PIC = NO;
				GCC_NO_COMMON_BLOCKS = YES;
				GCC_OPTIMIZATION_LEVEL = 0;
				GCC_PREPROCESSOR_DEFINITIONS = (
					"DEBUG=1",
					"$(inherited)",
				);
				GCC_WARN_64_TO_32_BIT_CONVERSION = YES;
				GCC_WARN_ABOUT_RETURN_TYPE = YES_ERROR;
				GCC_WARN_UNDECLARED_SELECTOR = YES;
				GCC_WARN_UNINITIALIZED_AUTOS = YES_AGGRESSIVE;
				GCC_WARN_UNUSED_FUNCTION = YES;
				GCC_WARN_UNUSED_VARIABLE = YES;
				IPHONEOS_DEPLOYMENT_TARGET = 12.0;
				MTL_ENABLE_DEBUG_INFO = INCLUDE_SOURCE;
				MTL_FAST_MATH = YES;
				ONLY_ACTIVE_ARCH = YES;
				SDKROOT = iphoneos;
				SWIFT_ACTIVE_COMPILATION_CONDITIONS = DEBUG;
				SWIFT_OPTIMIZATION_LEVEL = "-Onone";
			};
			name = Debug;
		};
		7EA80166224009E7008BF1CF /* Release */ = {
			isa = XCBuildConfiguration;
			buildSettings = {
				ALWAYS_SEARCH_USER_PATHS = NO;
				CLANG_ANALYZER_NONNULL = YES;
				CLANG_ANALYZER_NUMBER_OBJECT_CONVERSION = YES_AGGRESSIVE;
				CLANG_CXX_LANGUAGE_STANDARD = "gnu++14";
				CLANG_CXX_LIBRARY = "libc++";
				CLANG_ENABLE_MODULES = YES;
				CLANG_ENABLE_OBJC_ARC = YES;
				CLANG_ENABLE_OBJC_WEAK = YES;
				CLANG_WARN_BLOCK_CAPTURE_AUTORELEASING = YES;
				CLANG_WARN_BOOL_CONVERSION = YES;
				CLANG_WARN_COMMA = YES;
				CLANG_WARN_CONSTANT_CONVERSION = YES;
				CLANG_WARN_DEPRECATED_OBJC_IMPLEMENTATIONS = YES;
				CLANG_WARN_DIRECT_OBJC_ISA_USAGE = YES_ERROR;
				CLANG_WARN_DOCUMENTATION_COMMENTS = YES;
				CLANG_WARN_EMPTY_BODY = YES;
				CLANG_WARN_ENUM_CONVERSION = YES;
				CLANG_WARN_INFINITE_RECURSION = YES;
				CLANG_WARN_INT_CONVERSION = YES;
				CLANG_WARN_NON_LITERAL_NULL_CONVERSION = YES;
				CLANG_WARN_OBJC_IMPLICIT_RETAIN_SELF = YES;
				CLANG_WARN_OBJC_LITERAL_CONVERSION = YES;
				CLANG_WARN_OBJC_ROOT_CLASS = YES_ERROR;
				CLANG_WARN_RANGE_LOOP_ANALYSIS = YES;
				CLANG_WARN_STRICT_PROTOTYPES = YES;
				CLANG_WARN_SUSPICIOUS_MOVE = YES;
				CLANG_WARN_UNGUARDED_AVAILABILITY = YES_AGGRESSIVE;
				CLANG_WARN_UNREACHABLE_CODE = YES;
				CLANG_WARN__DUPLICATE_METHOD_MATCH = YES;
				CODE_SIGN_IDENTITY = "iPhone Developer";
				COPY_PHASE_STRIP = NO;
				DEBUG_INFORMATION_FORMAT = "dwarf-with-dsym";
				ENABLE_NS_ASSERTIONS = NO;
				ENABLE_STRICT_OBJC_MSGSEND = YES;
				GCC_C_LANGUAGE_STANDARD = gnu11;
				GCC_NO_COMMON_BLOCKS = YES;
				GCC_WARN_64_TO_32_BIT_CONVERSION = YES;
				GCC_WARN_ABOUT_RETURN_TYPE = YES_ERROR;
				GCC_WARN_UNDECLARED_SELECTOR = YES;
				GCC_WARN_UNINITIALIZED_AUTOS = YES_AGGRESSIVE;
				GCC_WARN_UNUSED_FUNCTION = YES;
				GCC_WARN_UNUSED_VARIABLE = YES;
				IPHONEOS_DEPLOYMENT_TARGET = 12.0;
				MTL_ENABLE_DEBUG_INFO = NO;
				MTL_FAST_MATH = YES;
				SDKROOT = iphoneos;
				SWIFT_COMPILATION_MODE = wholemodule;
				SWIFT_OPTIMIZATION_LEVEL = "-O";
				VALIDATE_PRODUCT = YES;
			};
			name = Release;
		};
		7EA80168224009E7008BF1CF /* Debug */ = {
			isa = XCBuildConfiguration;
			baseConfigurationReference = FE9C7C52E988F5531C6CE1EA /* Pods-ImageCompressionPOC.debug.xcconfig */;
			buildSettings = {
				ASSETCATALOG_COMPILER_APPICON_NAME = AppIcon;
				CODE_SIGN_STYLE = Automatic;
				DEVELOPMENT_TEAM = 6P534UU88G;
				INFOPLIST_FILE = ImageCompressionPOC/Info.plist;
				LD_RUNPATH_SEARCH_PATHS = (
					"$(inherited)",
					"@executable_path/Frameworks",
				);
				PRODUCT_BUNDLE_IDENTIFIER = jb.ImageCompressionPOC;
				PRODUCT_NAME = "$(TARGET_NAME)";
				SWIFT_VERSION = 4.2;
				TARGETED_DEVICE_FAMILY = "1,2";
			};
			name = Debug;
		};
		7EA80169224009E7008BF1CF /* Release */ = {
			isa = XCBuildConfiguration;
			baseConfigurationReference = EDD44FF24CC7EF1A8C78DAB3 /* Pods-ImageCompressionPOC.release.xcconfig */;
			buildSettings = {
				ASSETCATALOG_COMPILER_APPICON_NAME = AppIcon;
				CODE_SIGN_STYLE = Automatic;
				DEVELOPMENT_TEAM = 6P534UU88G;
				INFOPLIST_FILE = ImageCompressionPOC/Info.plist;
				LD_RUNPATH_SEARCH_PATHS = (
					"$(inherited)",
					"@executable_path/Frameworks",
				);
				PRODUCT_BUNDLE_IDENTIFIER = jb.ImageCompressionPOC;
				PRODUCT_NAME = "$(TARGET_NAME)";
				SWIFT_VERSION = 4.2;
				TARGETED_DEVICE_FAMILY = "1,2";
			};
			name = Release;
		};
		7EA8016B224009E7008BF1CF /* Debug */ = {
			isa = XCBuildConfiguration;
			buildSettings = {
				ALWAYS_EMBED_SWIFT_STANDARD_LIBRARIES = YES;
				BUNDLE_LOADER = "$(TEST_HOST)";
				CODE_SIGN_STYLE = Automatic;
				DEVELOPMENT_TEAM = 6P534UU88G;
				INFOPLIST_FILE = ImageCompressionPOCTests/Info.plist;
				LD_RUNPATH_SEARCH_PATHS = (
					"$(inherited)",
					"@executable_path/Frameworks",
					"@loader_path/Frameworks",
				);
				PRODUCT_BUNDLE_IDENTIFIER = jb.ImageCompressionPOCTests;
				PRODUCT_NAME = "$(TARGET_NAME)";
				SWIFT_VERSION = 4.2;
				TARGETED_DEVICE_FAMILY = "1,2";
				TEST_HOST = "$(BUILT_PRODUCTS_DIR)/ImageCompressionPOC.app/ImageCompressionPOC";
			};
			name = Debug;
		};
		7EA8016C224009E7008BF1CF /* Release */ = {
			isa = XCBuildConfiguration;
			buildSettings = {
				ALWAYS_EMBED_SWIFT_STANDARD_LIBRARIES = YES;
				BUNDLE_LOADER = "$(TEST_HOST)";
				CODE_SIGN_STYLE = Automatic;
				DEVELOPMENT_TEAM = 6P534UU88G;
				INFOPLIST_FILE = ImageCompressionPOCTests/Info.plist;
				LD_RUNPATH_SEARCH_PATHS = (
					"$(inherited)",
					"@executable_path/Frameworks",
					"@loader_path/Frameworks",
				);
				PRODUCT_BUNDLE_IDENTIFIER = jb.ImageCompressionPOCTests;
				PRODUCT_NAME = "$(TARGET_NAME)";
				SWIFT_VERSION = 4.2;
				TARGETED_DEVICE_FAMILY = "1,2";
				TEST_HOST = "$(BUILT_PRODUCTS_DIR)/ImageCompressionPOC.app/ImageCompressionPOC";
			};
			name = Release;
		};
		7EA8016E224009E7008BF1CF /* Debug */ = {
			isa = XCBuildConfiguration;
			buildSettings = {
				ALWAYS_EMBED_SWIFT_STANDARD_LIBRARIES = YES;
				CODE_SIGN_STYLE = Automatic;
				DEVELOPMENT_TEAM = 6P534UU88G;
				INFOPLIST_FILE = ImageCompressionPOCUITests/Info.plist;
				LD_RUNPATH_SEARCH_PATHS = (
					"$(inherited)",
					"@executable_path/Frameworks",
					"@loader_path/Frameworks",
				);
				PRODUCT_BUNDLE_IDENTIFIER = jb.ImageCompressionPOCUITests;
				PRODUCT_NAME = "$(TARGET_NAME)";
				SWIFT_VERSION = 4.2;
				TARGETED_DEVICE_FAMILY = "1,2";
				TEST_TARGET_NAME = ImageCompressionPOC;
			};
			name = Debug;
		};
		7EA8016F224009E7008BF1CF /* Release */ = {
			isa = XCBuildConfiguration;
			buildSettings = {
				ALWAYS_EMBED_SWIFT_STANDARD_LIBRARIES = YES;
				CODE_SIGN_STYLE = Automatic;
				DEVELOPMENT_TEAM = 6P534UU88G;
				INFOPLIST_FILE = ImageCompressionPOCUITests/Info.plist;
				LD_RUNPATH_SEARCH_PATHS = (
					"$(inherited)",
					"@executable_path/Frameworks",
					"@loader_path/Frameworks",
				);
				PRODUCT_BUNDLE_IDENTIFIER = jb.ImageCompressionPOCUITests;
				PRODUCT_NAME = "$(TARGET_NAME)";
				SWIFT_VERSION = 4.2;
				TARGETED_DEVICE_FAMILY = "1,2";
				TEST_TARGET_NAME = ImageCompressionPOC;
			};
			name = Release;
		};
/* End XCBuildConfiguration section */

/* Begin XCConfigurationList section */
		7EA8013A224009E5008BF1CF /* Build configuration list for PBXProject "ImageCompressionPOC" */ = {
			isa = XCConfigurationList;
			buildConfigurations = (
				7EA80165224009E7008BF1CF /* Debug */,
				7EA80166224009E7008BF1CF /* Release */,
			);
			defaultConfigurationIsVisible = 0;
			defaultConfigurationName = Release;
		};
		7EA80167224009E7008BF1CF /* Build configuration list for PBXNativeTarget "ImageCompressionPOC" */ = {
			isa = XCConfigurationList;
			buildConfigurations = (
				7EA80168224009E7008BF1CF /* Debug */,
				7EA80169224009E7008BF1CF /* Release */,
			);
			defaultConfigurationIsVisible = 0;
			defaultConfigurationName = Release;
		};
		7EA8016A224009E7008BF1CF /* Build configuration list for PBXNativeTarget "ImageCompressionPOCTests" */ = {
			isa = XCConfigurationList;
			buildConfigurations = (
				7EA8016B224009E7008BF1CF /* Debug */,
				7EA8016C224009E7008BF1CF /* Release */,
			);
			defaultConfigurationIsVisible = 0;
			defaultConfigurationName = Release;
		};
		7EA8016D224009E7008BF1CF /* Build configuration list for PBXNativeTarget "ImageCompressionPOCUITests" */ = {
			isa = XCConfigurationList;
			buildConfigurations = (
				7EA8016E224009E7008BF1CF /* Debug */,
				7EA8016F224009E7008BF1CF /* Release */,
			);
			defaultConfigurationIsVisible = 0;
			defaultConfigurationName = Release;
		};
/* End XCConfigurationList section */
	};
	rootObject = 7EA80137224009E5008BF1CF /* Project object */;
}
